
Microsoft Visual Studio Solution File, Format Version 12.00
# Visual Studio 15
VisualStudioVersion = 15.0.28307.421
MinimumVisualStudioVersion = 10.0.40219.1
Project("{FAE04EC0-301F-11D3-BF4B-00C04F79EFBC}") = "DB", "DB\DB.csproj", "{D5EF35A1-A72A-420E-8FE2-B0BF60921393}"
EndProject
Global
	GlobalSection(SolutionConfigurationPlatforms) = preSolution
		Debug|Any CPU = Debug|Any CPU
		Release|Any CPU = Release|Any CPU
	EndGlobalSection
	GlobalSection(ProjectConfigurationPlatforms) = postSolution
		{D5EF35A1-A72A-420E-8FE2-B0BF60921393}.Debug|Any CPU.ActiveCfg = Debug|Any CPU
		{D5EF35A1-A72A-420E-8FE2-B0BF60921393}.Debug|Any CPU.Build.0 = Debug|Any CPU
		{D5EF35A1-A72A-420E-8FE2-B0BF60921393}.Release|Any CPU.ActiveCfg = Release|Any CPU
		{D5EF35A1-A72A-420E-8FE2-B0BF60921393}.Release|Any CPU.Build.0 = Release|Any CPU
	EndGlobalSection
	GlobalSection(SolutionProperties) = preSolution
		HideSolutionNode = FALSE
	EndGlobalSection
	GlobalSection(ExtensibilityGlobals) = postSolution
		SolutionGuid = {2D498A58-A4EF-4E8B-AE8F-E4F4D6C3A476}
	EndGlobalSection
EndGlobal
